{
  "nodes": {
    "nix-node-package": {
      "locked": {
        "lastModified": 1619360652,
        "narHash": "sha256-vbt5HDTV6CnkyahretMNBdYr1JGF0ooO1c9VntWG3YI=",
        "owner": "mkg20001",
        "repo": "nix-node-package",
        "rev": "6981de863368a01b010ef26425a2140d202d900d",
        "type": "github"
      },
      "original": {
        "owner": "mkg20001",
        "ref": "master",
        "repo": "nix-node-package",
        "type": "github"
      }
    },
    "nixpkgs": {
      "locked": {
        "lastModified": 1619827560,
        "narHash": "sha256-lx9St9WPgKwiLsqErdL3WVP8v3wvz/9DQFMPybb/cQw=",
        "owner": "NixOS",
        "repo": "nixpkgs",
        "rev": "275624a2263502f8344a2e4654c16bebef6a96e4",
        "type": "github"
      },
      "original": {
        "id": "nixpkgs",
        "type": "indirect"
      }
    },
    "root": {
      "inputs": {
        "nix-node-package": "nix-node-package",
        "nixpkgs": "nixpkgs"
      }
    }
  },
  "root": "root",
  "version": 7
}
