{
  "nodes": {
    "nix-node-package": {
      "locked": {
        "lastModified": 1619854813,
        "narHash": "sha256-B6RDXqO/K/ZHKIBl7dXCsZe8wWnOpufRMgPvfq3LmBY=",
        "owner": "mkg20001",
        "repo": "nix-node-package",
        "rev": "e4a2a4b193c18a83e7abfe98eae3734bf812c548",
        "type": "github"
      },
      "original": {
        "owner": "mkg20001",
        "ref": "master",
        "repo": "nix-node-package",
        "type": "github"
      }
    },
    "nixpkgs": {
      "locked": {
        "lastModified": 1619849839,
        "narHash": "sha256-akVm72M8S1eDr5xgDpnmIGPAn9HLNcQ7iLNPgSNMQug=",
        "owner": "NixOS",
        "repo": "nixpkgs",
        "rev": "85aef7706e35226d572b419971a98cf0d2f22ae6",
        "type": "github"
      },
      "original": {
        "id": "nixpkgs",
        "type": "indirect"
      }
    },
    "root": {
      "inputs": {
        "nix-node-package": "nix-node-package",
        "nixpkgs": "nixpkgs"
      }
    }
  },
  "root": "root",
  "version": 7
}
